
Microsoft Visual Studio Solution File, Format Version 12.00
# Visual Studio Version 17
VisualStudioVersion = 17.2.32630.192
MinimumVisualStudioVersion = 10.0.40219.1
Project("{9A19103F-16F7-4668-BE54-9A1E7A4F7556}") = "ECoreNetto", "ECoreNetto\ECoreNetto.csproj", "{7F843BF6-7758-40E4-ADA9-E7EA9EF908DB}"
EndProject
Project("{9A19103F-16F7-4668-BE54-9A1E7A4F7556}") = "ECoreNetto.Tests", "ECoreNetto.Tests\ECoreNetto.Tests.csproj", "{5A0876BE-FDA6-4F60-84B4-93350EB76F81}"
EndProject
Project("{2150E333-8FDC-42A3-9474-1A3956D46DE8}") = "Solution Items", "Solution Items", "{FFF8E3BF-4741-418B-AB6E-D7ABD8AA75F7}"
	ProjectSection(SolutionItems) = preProject
		.gitattributes = .gitattributes
		.gitignore = .gitignore
		CODE_OF_CONDUCT.md = CODE_OF_CONDUCT.md
		.github\CONTRIBUTING.md = .github\CONTRIBUTING.md
		.github\ISSUE_TEMPLATE.md = .github\ISSUE_TEMPLATE.md
		LICENSE = LICENSE
		NOTICE = NOTICE
		Nuget.Config = Nuget.Config
		.github\PULL_REQUEST_TEMPLATE.md = .github\PULL_REQUEST_TEMPLATE.md
		README.md = README.md
	EndProjectSection
EndProject
Project("{2150E333-8FDC-42A3-9474-1A3956D46DE8}") = "workflows", "workflows", "{AF0E6899-90F9-429B-B263-84B4CDA21C24}"
	ProjectSection(SolutionItems) = preProject
		.github\workflows\codeql-analysis.yml = .github\workflows\codeql-analysis.yml
		.github\workflows\CodeQuality.yml = .github\workflows\CodeQuality.yml
		.github\workflows\nuget-reference-check.yml = .github\workflows\nuget-reference-check.yml
		.github\workflows\release.yml = .github\workflows\release.yml
	EndProjectSection
EndProject
Project("{9A19103F-16F7-4668-BE54-9A1E7A4F7556}") = "ECoreNetto.Extensions", "ECoreNetto.Extensions\ECoreNetto.Extensions.csproj", "{8B87991E-3EA1-4C46-A83C-46FF3D3405BF}"
EndProject
Project("{9A19103F-16F7-4668-BE54-9A1E7A4F7556}") = "ECoreNetto.Extensions.Tests", "ECoreNetto.Extensions.Tests\ECoreNetto.Extensions.Tests.csproj", "{EA665361-48DD-4CFB-A127-449572D215FA}"
EndProject
Project("{9A19103F-16F7-4668-BE54-9A1E7A4F7556}") = "ECoreNetto.HandleBars", "ECoreNetto.HandleBars\ECoreNetto.HandleBars.csproj", "{3233007F-9DCC-4FC8-8E97-8B962E44A8FA}"
EndProject
Project("{9A19103F-16F7-4668-BE54-9A1E7A4F7556}") = "ECoreNetto.HandleBars.Tests", "ECoreNetto.HandleBars.Tests\ECoreNetto.HandleBars.Tests.csproj", "{27928286-CB28-448F-8C3E-C7F34C86BF3F}"
EndProject
Project("{2150E333-8FDC-42A3-9474-1A3956D46DE8}") = "TestData", "TestData", "{9F1D7ED1-4894-44B8-8E8D-31B98F58915F}"
	ProjectSection(SolutionItems) = preProject
		TestData\ecore.ecore = TestData\ecore.ecore
		TestData\recipe.ecore = TestData\recipe.ecore
		TestData\wizardEcore.ecore = TestData\wizardEcore.ecore
	EndProjectSection
EndProject
Project("{9A19103F-16F7-4668-BE54-9A1E7A4F7556}") = "ECoreNetto.Tools", "ECoreNetto.Tools\ECoreNetto.Tools.csproj", "{7F62EF37-4698-40F3-92C0-307A9A00D82C}"
EndProject
Project("{9A19103F-16F7-4668-BE54-9A1E7A4F7556}") = "ECoreNetto.Tools.Tests", "ECoreNetto.Tools.Tests\ECoreNetto.Tools.Tests.csproj", "{652B0FB8-3D26-4E0F-97F1-FEA5E03448AF}"
EndProject
Project("{FAE04EC0-301F-11D3-BF4B-00C04F79EFBC}") = "ECoreNetto.Reporting", "ECoreNetto.Reporting\ECoreNetto.Reporting.csproj", "{AD0A62C0-981B-458B-9C52-B82623069094}"
EndProject
Project("{FAE04EC0-301F-11D3-BF4B-00C04F79EFBC}") = "ECoreNetto.Reporting.Tests", "ECoreNetto.Reporting.Tests\ECoreNetto.Reporting.Tests.csproj", "{994CA2B5-F5C2-4E81-88EE-3A6E35626A69}"
EndProject
Global
	GlobalSection(SolutionConfigurationPlatforms) = preSolution
		Debug|Any CPU = Debug|Any CPU
		Release|Any CPU = Release|Any CPU
	EndGlobalSection
	GlobalSection(ProjectConfigurationPlatforms) = postSolution
		{7F843BF6-7758-40E4-ADA9-E7EA9EF908DB}.Debug|Any CPU.ActiveCfg = Debug|Any CPU
		{7F843BF6-7758-40E4-ADA9-E7EA9EF908DB}.Debug|Any CPU.Build.0 = Debug|Any CPU
		{7F843BF6-7758-40E4-ADA9-E7EA9EF908DB}.Release|Any CPU.ActiveCfg = Release|Any CPU
		{7F843BF6-7758-40E4-ADA9-E7EA9EF908DB}.Release|Any CPU.Build.0 = Release|Any CPU
		{5A0876BE-FDA6-4F60-84B4-93350EB76F81}.Debug|Any CPU.ActiveCfg = Debug|Any CPU
		{5A0876BE-FDA6-4F60-84B4-93350EB76F81}.Debug|Any CPU.Build.0 = Debug|Any CPU
		{5A0876BE-FDA6-4F60-84B4-93350EB76F81}.Release|Any CPU.ActiveCfg = Release|Any CPU
		{5A0876BE-FDA6-4F60-84B4-93350EB76F81}.Release|Any CPU.Build.0 = Release|Any CPU
		{8B87991E-3EA1-4C46-A83C-46FF3D3405BF}.Debug|Any CPU.ActiveCfg = Debug|Any CPU
		{8B87991E-3EA1-4C46-A83C-46FF3D3405BF}.Debug|Any CPU.Build.0 = Debug|Any CPU
		{8B87991E-3EA1-4C46-A83C-46FF3D3405BF}.Release|Any CPU.ActiveCfg = Release|Any CPU
		{8B87991E-3EA1-4C46-A83C-46FF3D3405BF}.Release|Any CPU.Build.0 = Release|Any CPU
		{EA665361-48DD-4CFB-A127-449572D215FA}.Debug|Any CPU.ActiveCfg = Debug|Any CPU
		{EA665361-48DD-4CFB-A127-449572D215FA}.Debug|Any CPU.Build.0 = Debug|Any CPU
		{EA665361-48DD-4CFB-A127-449572D215FA}.Release|Any CPU.ActiveCfg = Release|Any CPU
		{EA665361-48DD-4CFB-A127-449572D215FA}.Release|Any CPU.Build.0 = Release|Any CPU
		{3233007F-9DCC-4FC8-8E97-8B962E44A8FA}.Debug|Any CPU.ActiveCfg = Debug|Any CPU
		{3233007F-9DCC-4FC8-8E97-8B962E44A8FA}.Debug|Any CPU.Build.0 = Debug|Any CPU
		{3233007F-9DCC-4FC8-8E97-8B962E44A8FA}.Release|Any CPU.ActiveCfg = Release|Any CPU
		{3233007F-9DCC-4FC8-8E97-8B962E44A8FA}.Release|Any CPU.Build.0 = Release|Any CPU
		{27928286-CB28-448F-8C3E-C7F34C86BF3F}.Debug|Any CPU.ActiveCfg = Debug|Any CPU
		{27928286-CB28-448F-8C3E-C7F34C86BF3F}.Debug|Any CPU.Build.0 = Debug|Any CPU
		{27928286-CB28-448F-8C3E-C7F34C86BF3F}.Release|Any CPU.ActiveCfg = Release|Any CPU
		{27928286-CB28-448F-8C3E-C7F34C86BF3F}.Release|Any CPU.Build.0 = Release|Any CPU
		{7F62EF37-4698-40F3-92C0-307A9A00D82C}.Debug|Any CPU.ActiveCfg = Debug|Any CPU
		{7F62EF37-4698-40F3-92C0-307A9A00D82C}.Debug|Any CPU.Build.0 = Debug|Any CPU
		{7F62EF37-4698-40F3-92C0-307A9A00D82C}.Release|Any CPU.ActiveCfg = Release|Any CPU
		{7F62EF37-4698-40F3-92C0-307A9A00D82C}.Release|Any CPU.Build.0 = Release|Any CPU
		{652B0FB8-3D26-4E0F-97F1-FEA5E03448AF}.Debug|Any CPU.ActiveCfg = Debug|Any CPU
		{652B0FB8-3D26-4E0F-97F1-FEA5E03448AF}.Debug|Any CPU.Build.0 = Debug|Any CPU
		{652B0FB8-3D26-4E0F-97F1-FEA5E03448AF}.Release|Any CPU.ActiveCfg = Release|Any CPU
		{652B0FB8-3D26-4E0F-97F1-FEA5E03448AF}.Release|Any CPU.Build.0 = Release|Any CPU
		{AD0A62C0-981B-458B-9C52-B82623069094}.Debug|Any CPU.ActiveCfg = Debug|Any CPU
		{AD0A62C0-981B-458B-9C52-B82623069094}.Debug|Any CPU.Build.0 = Debug|Any CPU
		{AD0A62C0-981B-458B-9C52-B82623069094}.Release|Any CPU.ActiveCfg = Release|Any CPU
		{AD0A62C0-981B-458B-9C52-B82623069094}.Release|Any CPU.Build.0 = Release|Any CPU
		{994CA2B5-F5C2-4E81-88EE-3A6E35626A69}.Debug|Any CPU.ActiveCfg = Debug|Any CPU
		{994CA2B5-F5C2-4E81-88EE-3A6E35626A69}.Debug|Any CPU.Build.0 = Debug|Any CPU
		{994CA2B5-F5C2-4E81-88EE-3A6E35626A69}.Release|Any CPU.ActiveCfg = Release|Any CPU
		{994CA2B5-F5C2-4E81-88EE-3A6E35626A69}.Release|Any CPU.Build.0 = Release|Any CPU
	EndGlobalSection
	GlobalSection(SolutionProperties) = preSolution
		HideSolutionNode = FALSE
	EndGlobalSection
	GlobalSection(NestedProjects) = preSolution
		{AF0E6899-90F9-429B-B263-84B4CDA21C24} = {FFF8E3BF-4741-418B-AB6E-D7ABD8AA75F7}
		{9F1D7ED1-4894-44B8-8E8D-31B98F58915F} = {FFF8E3BF-4741-418B-AB6E-D7ABD8AA75F7}
	EndGlobalSection
	GlobalSection(ExtensibilityGlobals) = postSolution
		SolutionGuid = {EFCC2F13-0A13-4538-A018-1EE8B4B8950E}
	EndGlobalSection
EndGlobal
