
Microsoft Visual Studio Solution File, Format Version 12.00
# Visual Studio Version 16
VisualStudioVersion = 16.0.30011.22
MinimumVisualStudioVersion = 10.0.40219.1
Project("{2150E333-8FDC-42A3-9474-1A3956D46DE8}") = "src", "src", "{145FE7E6-E2D7-4EDC-967B-B8D3F503A639}"
EndProject
Project("{2150E333-8FDC-42A3-9474-1A3956D46DE8}") = "test", "test", "{5662619E-05FF-4012-9D76-C5D11E67593C}"
EndProject
Project("{9A19103F-16F7-4668-BE54-9A1E7A4F7556}") = "ECoreNetto", "src\ECoreNetto\ECoreNetto.csproj", "{7F843BF6-7758-40E4-ADA9-E7EA9EF908DB}"
EndProject
Project("{9A19103F-16F7-4668-BE54-9A1E7A4F7556}") = "ECoreNetto.Tests", "test\ECoreNetto.Tests\ECoreNetto.Tests.csproj", "{5A0876BE-FDA6-4F60-84B4-93350EB76F81}"
EndProject
Project("{2150E333-8FDC-42A3-9474-1A3956D46DE8}") = "Solution Items", "Solution Items", "{FFF8E3BF-4741-418B-AB6E-D7ABD8AA75F7}"
	ProjectSection(SolutionItems) = preProject
		.gitattributes = .gitattributes
		.gitignore = .gitignore
		CODE_OF_CONDUCT.md = CODE_OF_CONDUCT.md
		.github\CONTRIBUTING.md = .github\CONTRIBUTING.md
		.github\ISSUE_TEMPLATE.md = .github\ISSUE_TEMPLATE.md
		LICENSE = LICENSE
		Nuget.Config = Nuget.Config
		.github\PULL_REQUEST_TEMPLATE.md = .github\PULL_REQUEST_TEMPLATE.md
		README.md = README.md
	EndProjectSection
EndProject
Project("{2150E333-8FDC-42A3-9474-1A3956D46DE8}") = "workflows", "workflows", "{AF0E6899-90F9-429B-B263-84B4CDA21C24}"
	ProjectSection(SolutionItems) = preProject
		.github\workflows\codeql-analysis.yml = .github\workflows\codeql-analysis.yml
		.github\workflows\CodeQuality.yml = .github\workflows\CodeQuality.yml
	EndProjectSection
EndProject
Global
	GlobalSection(SolutionConfigurationPlatforms) = preSolution
		Debug|Any CPU = Debug|Any CPU
		Release|Any CPU = Release|Any CPU
	EndGlobalSection
	GlobalSection(ProjectConfigurationPlatforms) = postSolution
		{7F843BF6-7758-40E4-ADA9-E7EA9EF908DB}.Debug|Any CPU.ActiveCfg = Debug|Any CPU
		{7F843BF6-7758-40E4-ADA9-E7EA9EF908DB}.Debug|Any CPU.Build.0 = Debug|Any CPU
		{7F843BF6-7758-40E4-ADA9-E7EA9EF908DB}.Release|Any CPU.ActiveCfg = Release|Any CPU
		{7F843BF6-7758-40E4-ADA9-E7EA9EF908DB}.Release|Any CPU.Build.0 = Release|Any CPU
		{5A0876BE-FDA6-4F60-84B4-93350EB76F81}.Debug|Any CPU.ActiveCfg = Debug|Any CPU
		{5A0876BE-FDA6-4F60-84B4-93350EB76F81}.Debug|Any CPU.Build.0 = Debug|Any CPU
		{5A0876BE-FDA6-4F60-84B4-93350EB76F81}.Release|Any CPU.ActiveCfg = Release|Any CPU
		{5A0876BE-FDA6-4F60-84B4-93350EB76F81}.Release|Any CPU.Build.0 = Release|Any CPU
	EndGlobalSection
	GlobalSection(SolutionProperties) = preSolution
		HideSolutionNode = FALSE
	EndGlobalSection
	GlobalSection(NestedProjects) = preSolution
		{7F843BF6-7758-40E4-ADA9-E7EA9EF908DB} = {145FE7E6-E2D7-4EDC-967B-B8D3F503A639}
		{5A0876BE-FDA6-4F60-84B4-93350EB76F81} = {5662619E-05FF-4012-9D76-C5D11E67593C}
		{AF0E6899-90F9-429B-B263-84B4CDA21C24} = {FFF8E3BF-4741-418B-AB6E-D7ABD8AA75F7}
	EndGlobalSection
	GlobalSection(ExtensibilityGlobals) = postSolution
		SolutionGuid = {EFCC2F13-0A13-4538-A018-1EE8B4B8950E}
	EndGlobalSection
EndGlobal
